
Microsoft Visual Studio Solution File, Format Version 12.00
# Visual Studio 15
VisualStudioVersion = 15.0.28307.1169
MinimumVisualStudioVersion = 10.0.40219.1
Project("{FAE04EC0-301F-11D3-BF4B-00C04F79EFBC}") = "Equipo1", "Equipo1\Equipo1.csproj", "{DA46D37F-3479-48E4-8831-EEF5BA276EAB}"
EndProject
Global
	GlobalSection(SolutionConfigurationPlatforms) = preSolution
		Debug|Any CPU = Debug|Any CPU
		Release|Any CPU = Release|Any CPU
	EndGlobalSection
	GlobalSection(ProjectConfigurationPlatforms) = postSolution
		{DA46D37F-3479-48E4-8831-EEF5BA276EAB}.Debug|Any CPU.ActiveCfg = Debug|Any CPU
		{DA46D37F-3479-48E4-8831-EEF5BA276EAB}.Debug|Any CPU.Build.0 = Debug|Any CPU
		{DA46D37F-3479-48E4-8831-EEF5BA276EAB}.Release|Any CPU.ActiveCfg = Release|Any CPU
		{DA46D37F-3479-48E4-8831-EEF5BA276EAB}.Release|Any CPU.Build.0 = Release|Any CPU
	EndGlobalSection
	GlobalSection(SolutionProperties) = preSolution
		HideSolutionNode = FALSE
	EndGlobalSection
	GlobalSection(ExtensibilityGlobals) = postSolution
		SolutionGuid = {117F63FF-27C1-4AAF-B0EB-A1F952F76F90}
	EndGlobalSection
EndGlobal
